// !$*UTF8*$!
{
	archiveVersion = 1;
	classes = {
	};
	objectVersion = 46;
	objects = {

/* Begin PBXBuildFile section */
		6413BF77261D3C7FE7E5970C /* Pods_amap3DSwift.framework in Frameworks */ = {isa = PBXBuildFile; fileRef = A5559DC8E901FC6FC92A453C /* Pods_amap3DSwift.framework */; };
		6738DDBF1E9248F3000DC282 /* APIKey.swift in Sources */ = {isa = PBXBuildFile; fileRef = 6738DDBE1E9248F3000DC282 /* APIKey.swift */; };
		6738DDC21E924959000DC282 /* BaseViewController.swift in Sources */ = {isa = PBXBuildFile; fileRef = 6738DDC11E924959000DC282 /* BaseViewController.swift */; };
		6738DDC41E924A47000DC282 /* SingleLocationViewController.swift in Sources */ = {isa = PBXBuildFile; fileRef = 6738DDC31E924A47000DC282 /* SingleLocationViewController.swift */; };
		67AD2D161E92481A00A9AE71 /* AppDelegate.swift in Sources */ = {isa = PBXBuildFile; fileRef = 67AD2D151E92481A00A9AE71 /* AppDelegate.swift */; };
		67AD2D181E92481A00A9AE71 /* ViewController.swift in Sources */ = {isa = PBXBuildFile; fileRef = 67AD2D171E92481A00A9AE71 /* ViewController.swift */; };
		67AD2D1B1E92481A00A9AE71 /* Main.storyboard in Resources */ = {isa = PBXBuildFile; fileRef = 67AD2D191E92481A00A9AE71 /* Main.storyboard */; };
		67AD2D1D1E92481A00A9AE71 /* Assets.xcassets in Resources */ = {isa = PBXBuildFile; fileRef = 67AD2D1C1E92481A00A9AE71 /* Assets.xcassets */; };
		67AD2D201E92481A00A9AE71 /* LaunchScreen.storyboard in Resources */ = {isa = PBXBuildFile; fileRef = 67AD2D1E1E92481A00A9AE71 /* LaunchScreen.storyboard */; };
		67D08EBB1E954762009FBCA2 /* SingleLocaitonAloneViewController.swift in Sources */ = {isa = PBXBuildFile; fileRef = 67D08EBA1E954762009FBCA2 /* SingleLocaitonAloneViewController.swift */; };
		67D08EBD1E954774009FBCA2 /* SerialLocationViewController.swift in Sources */ = {isa = PBXBuildFile; fileRef = 67D08EBC1E954774009FBCA2 /* SerialLocationViewController.swift */; };
		67D08EBF1E954781009FBCA2 /* MonitoringRegionViewController.swift in Sources */ = {isa = PBXBuildFile; fileRef = 67D08EBE1E954781009FBCA2 /* MonitoringRegionViewController.swift */; };
/* End PBXBuildFile section */

/* Begin PBXFileReference section */
		29A0074387F66F02ABEDEDDD /* Pods-amap3DSwift.release.xcconfig */ = {isa = PBXFileReference; includeInIndex = 1; lastKnownFileType = text.xcconfig; name = "Pods-amap3DSwift.release.xcconfig"; path = "Pods/Target Support Files/Pods-amap3DSwift/Pods-amap3DSwift.release.xcconfig"; sourceTree = "<group>"; };
		6738DDBE1E9248F3000DC282 /* APIKey.swift */ = {isa = PBXFileReference; fileEncoding = 4; lastKnownFileType = sourcecode.swift; path = APIKey.swift; sourceTree = "<group>"; };
		6738DDC11E924959000DC282 /* BaseViewController.swift */ = {isa = PBXFileReference; fileEncoding = 4; lastKnownFileType = sourcecode.swift; path = BaseViewController.swift; sourceTree = "<group>"; };
		6738DDC31E924A47000DC282 /* SingleLocationViewController.swift */ = {isa = PBXFileReference; fileEncoding = 4; lastKnownFileType = sourcecode.swift; path = SingleLocationViewController.swift; sourceTree = "<group>"; };
		6738DDC51E924C13000DC282 /* amap3DSwift-Bridging-Header.h */ = {isa = PBXFileReference; lastKnownFileType = sourcecode.c.h; path = "amap3DSwift-Bridging-Header.h"; sourceTree = "<group>"; };
		67AD2D121E92481A00A9AE71 /* amap3DSwift.app */ = {isa = PBXFileReference; explicitFileType = wrapper.application; includeInIndex = 0; path = amap3DSwift.app; sourceTree = BUILT_PRODUCTS_DIR; };
		67AD2D151E92481A00A9AE71 /* AppDelegate.swift */ = {isa = PBXFileReference; lastKnownFileType = sourcecode.swift; path = AppDelegate.swift; sourceTree = "<group>"; };
		67AD2D171E92481A00A9AE71 /* ViewController.swift */ = {isa = PBXFileReference; lastKnownFileType = sourcecode.swift; path = ViewController.swift; sourceTree = "<group>"; };
		67AD2D1A1E92481A00A9AE71 /* Base */ = {isa = PBXFileReference; lastKnownFileType = file.storyboard; name = Base; path = Base.lproj/Main.storyboard; sourceTree = "<group>"; };
		67AD2D1C1E92481A00A9AE71 /* Assets.xcassets */ = {isa = PBXFileReference; lastKnownFileType = folder.assetcatalog; path = Assets.xcassets; sourceTree = "<group>"; };
		67AD2D1F1E92481A00A9AE71 /* Base */ = {isa = PBXFileReference; lastKnownFileType = file.storyboard; name = Base; path = Base.lproj/LaunchScreen.storyboard; sourceTree = "<group>"; };
		67AD2D211E92481A00A9AE71 /* Info.plist */ = {isa = PBXFileReference; lastKnownFileType = text.plist.xml; path = Info.plist; sourceTree = "<group>"; };
		67D08EBA1E954762009FBCA2 /* SingleLocaitonAloneViewController.swift */ = {isa = PBXFileReference; fileEncoding = 4; lastKnownFileType = sourcecode.swift; path = SingleLocaitonAloneViewController.swift; sourceTree = "<group>"; };
		67D08EBC1E954774009FBCA2 /* SerialLocationViewController.swift */ = {isa = PBXFileReference; fileEncoding = 4; lastKnownFileType = sourcecode.swift; path = SerialLocationViewController.swift; sourceTree = "<group>"; };
		67D08EBE1E954781009FBCA2 /* MonitoringRegionViewController.swift */ = {isa = PBXFileReference; fileEncoding = 4; lastKnownFileType = sourcecode.swift; path = MonitoringRegionViewController.swift; sourceTree = "<group>"; };
		A47616A152E8BEE33CA2D08B /* Pods-amap3DSwift.debug.xcconfig */ = {isa = PBXFileReference; includeInIndex = 1; lastKnownFileType = text.xcconfig; name = "Pods-amap3DSwift.debug.xcconfig"; path = "Pods/Target Support Files/Pods-amap3DSwift/Pods-amap3DSwift.debug.xcconfig"; sourceTree = "<group>"; };
		A5559DC8E901FC6FC92A453C /* Pods_amap3DSwift.framework */ = {isa = PBXFileReference; explicitFileType = wrapper.framework; includeInIndex = 0; path = Pods_amap3DSwift.framework; sourceTree = BUILT_PRODUCTS_DIR; };
/* End PBXFileReference section */

/* Begin PBXFrameworksBuildPhase section */
		67AD2D0F1E92481A00A9AE71 /* Frameworks */ = {
			isa = PBXFrameworksBuildPhase;
			buildActionMask = 2147483647;
			files = (
				6413BF77261D3C7FE7E5970C /* Pods_amap3DSwift.framework in Frameworks */,
			);
			runOnlyForDeploymentPostprocessing = 0;
		};
/* End PBXFrameworksBuildPhase section */

/* Begin PBXGroup section */
		55290EAB4ED23ADA9B0E0EF3 /* Pods */ = {
			isa = PBXGroup;
			children = (
				A47616A152E8BEE33CA2D08B /* Pods-amap3DSwift.debug.xcconfig */,
				29A0074387F66F02ABEDEDDD /* Pods-amap3DSwift.release.xcconfig */,
			);
			name = Pods;
			sourceTree = "<group>";
		};
		6738DDBC1E9248BE000DC282 /* config */ = {
			isa = PBXGroup;
			children = (
				6738DDBE1E9248F3000DC282 /* APIKey.swift */,
			);
			name = config;
			sourceTree = "<group>";
		};
		6738DDC01E924946000DC282 /* item */ = {
			isa = PBXGroup;
			children = (
				6738DDC11E924959000DC282 /* BaseViewController.swift */,
				6738DDC31E924A47000DC282 /* SingleLocationViewController.swift */,
				67D08EBA1E954762009FBCA2 /* SingleLocaitonAloneViewController.swift */,
				67D08EBC1E954774009FBCA2 /* SerialLocationViewController.swift */,
				67D08EBE1E954781009FBCA2 /* MonitoringRegionViewController.swift */,
			);
			name = item;
			sourceTree = "<group>";
		};
		67AD2D091E92481A00A9AE71 = {
			isa = PBXGroup;
			children = (
				67AD2D141E92481A00A9AE71 /* amap3DSwift */,
				67AD2D131E92481A00A9AE71 /* Products */,
				55290EAB4ED23ADA9B0E0EF3 /* Pods */,
				D3C29DE32634F04CFE38BFF8 /* Frameworks */,
				6738DDC51E924C13000DC282 /* amap3DSwift-Bridging-Header.h */,
			);
			sourceTree = "<group>";
		};
		67AD2D131E92481A00A9AE71 /* Products */ = {
			isa = PBXGroup;
			children = (
				67AD2D121E92481A00A9AE71 /* amap3DSwift.app */,
			);
			name = Products;
			sourceTree = "<group>";
		};
		67AD2D141E92481A00A9AE71 /* amap3DSwift */ = {
			isa = PBXGroup;
			children = (
				6738DDC01E924946000DC282 /* item */,
				6738DDBC1E9248BE000DC282 /* config */,
				67AD2D151E92481A00A9AE71 /* AppDelegate.swift */,
				67AD2D171E92481A00A9AE71 /* ViewController.swift */,
				67AD2D191E92481A00A9AE71 /* Main.storyboard */,
				67AD2D1C1E92481A00A9AE71 /* Assets.xcassets */,
				67AD2D1E1E92481A00A9AE71 /* LaunchScreen.storyboard */,
				67AD2D211E92481A00A9AE71 /* Info.plist */,
			);
			path = amap3DSwift;
			sourceTree = "<group>";
		};
		D3C29DE32634F04CFE38BFF8 /* Frameworks */ = {
			isa = PBXGroup;
			children = (
				A5559DC8E901FC6FC92A453C /* Pods_amap3DSwift.framework */,
			);
			name = Frameworks;
			sourceTree = "<group>";
		};
/* End PBXGroup section */

/* Begin PBXNativeTarget section */
		67AD2D111E92481A00A9AE71 /* amap3DSwift */ = {
			isa = PBXNativeTarget;
			buildConfigurationList = 67AD2D241E92481A00A9AE71 /* Build configuration list for PBXNativeTarget "amap3DSwift" */;
			buildPhases = (
				8291515AA5CF34769159C89E /* [CP] Check Pods Manifest.lock */,
				67AD2D0E1E92481A00A9AE71 /* Sources */,
				67AD2D0F1E92481A00A9AE71 /* Frameworks */,
				67AD2D101E92481A00A9AE71 /* Resources */,
				73A3A9745ACCA6D6728A2AAF /* [CP] Copy Pods Resources */,
			);
			buildRules = (
			);
			dependencies = (
			);
			name = amap3DSwift;
			productName = amap3DSwift;
			productReference = 67AD2D121E92481A00A9AE71 /* amap3DSwift.app */;
			productType = "com.apple.product-type.application";
		};
/* End PBXNativeTarget section */

/* Begin PBXProject section */
		67AD2D0A1E92481A00A9AE71 /* Project object */ = {
			isa = PBXProject;
			attributes = {
				LastSwiftUpdateCheck = 0810;
				LastUpgradeCheck = 0930;
				ORGANIZATIONNAME = BrodyGao;
				TargetAttributes = {
					67AD2D111E92481A00A9AE71 = {
						CreatedOnToolsVersion = 8.1;
						DevelopmentTeam = ZXGCHY6G7F;
						LastSwiftMigration = 0810;
						ProvisioningStyle = Automatic;
						SystemCapabilities = {
							com.apple.BackgroundModes = {
								enabled = 1;
							};
						};
					};
				};
			};
			buildConfigurationList = 67AD2D0D1E92481A00A9AE71 /* Build configuration list for PBXProject "amap3DSwift" */;
			compatibilityVersion = "Xcode 3.2";
			developmentRegion = English;
			hasScannedForEncodings = 0;
			knownRegions = (
				en,
				Base,
			);
			mainGroup = 67AD2D091E92481A00A9AE71;
			productRefGroup = 67AD2D131E92481A00A9AE71 /* Products */;
			projectDirPath = "";
			projectRoot = "";
			targets = (
				67AD2D111E92481A00A9AE71 /* amap3DSwift */,
			);
		};
/* End PBXProject section */

/* Begin PBXResourcesBuildPhase section */
		67AD2D101E92481A00A9AE71 /* Resources */ = {
			isa = PBXResourcesBuildPhase;
			buildActionMask = 2147483647;
			files = (
				67AD2D201E92481A00A9AE71 /* LaunchScreen.storyboard in Resources */,
				67AD2D1D1E92481A00A9AE71 /* Assets.xcassets in Resources */,
				67AD2D1B1E92481A00A9AE71 /* Main.storyboard in Resources */,
			);
			runOnlyForDeploymentPostprocessing = 0;
		};
/* End PBXResourcesBuildPhase section */

/* Begin PBXShellScriptBuildPhase section */
		73A3A9745ACCA6D6728A2AAF /* [CP] Copy Pods Resources */ = {
			isa = PBXShellScriptBuildPhase;
			buildActionMask = 2147483647;
			files = (
			);
			inputPaths = (
				"${SRCROOT}/Pods/Target Support Files/Pods-amap3DSwift/Pods-amap3DSwift-resources.sh",
				"${PODS_ROOT}/AMap3DMap/MAMapKit.framework/AMap.bundle",
			);
			name = "[CP] Copy Pods Resources";
			outputPaths = (
				"${TARGET_BUILD_DIR}/${UNLOCALIZED_RESOURCES_FOLDER_PATH}/AMap.bundle",
			);
			runOnlyForDeploymentPostprocessing = 0;
			shellPath = /bin/sh;
			shellScript = "\"${SRCROOT}/Pods/Target Support Files/Pods-amap3DSwift/Pods-amap3DSwift-resources.sh\"\n";
			showEnvVarsInLog = 0;
		};
		8291515AA5CF34769159C89E /* [CP] Check Pods Manifest.lock */ = {
			isa = PBXShellScriptBuildPhase;
			buildActionMask = 2147483647;
			files = (
			);
			inputPaths = (
				"${PODS_PODFILE_DIR_PATH}/Podfile.lock",
				"${PODS_ROOT}/Manifest.lock",
			);
			name = "[CP] Check Pods Manifest.lock";
			outputPaths = (
				"$(DERIVED_FILE_DIR)/Pods-amap3DSwift-checkManifestLockResult.txt",
			);
			runOnlyForDeploymentPostprocessing = 0;
			shellPath = /bin/sh;
			shellScript = "diff \"${PODS_PODFILE_DIR_PATH}/Podfile.lock\" \"${PODS_ROOT}/Manifest.lock\" > /dev/null\nif [ $? != 0 ] ; then\n    # print error to STDERR\n    echo \"error: The sandbox is not in sync with the Podfile.lock. Run 'pod install' or update your CocoaPods installation.\" >&2\n    exit 1\nfi\n# This output is used by Xcode 'outputs' to avoid re-running this script phase.\necho \"SUCCESS\" > \"${SCRIPT_OUTPUT_FILE_0}\"\n";
			showEnvVarsInLog = 0;
		};
/* End PBXShellScriptBuildPhase section */

/* Begin PBXSourcesBuildPhase section */
		67AD2D0E1E92481A00A9AE71 /* Sources */ = {
			isa = PBXSourcesBuildPhase;
			buildActionMask = 2147483647;
			files = (
				67D08EBF1E954781009FBCA2 /* MonitoringRegionViewController.swift in Sources */,
				67AD2D181E92481A00A9AE71 /* ViewController.swift in Sources */,
				67D08EBD1E954774009FBCA2 /* SerialLocationViewController.swift in Sources */,
				6738DDC41E924A47000DC282 /* SingleLocationViewController.swift in Sources */,
				6738DDC21E924959000DC282 /* BaseViewController.swift in Sources */,
				67D08EBB1E954762009FBCA2 /* SingleLocaitonAloneViewController.swift in Sources */,
				6738DDBF1E9248F3000DC282 /* APIKey.swift in Sources */,
				67AD2D161E92481A00A9AE71 /* AppDelegate.swift in Sources */,
			);
			runOnlyForDeploymentPostprocessing = 0;
		};
/* End PBXSourcesBuildPhase section */

/* Begin PBXVariantGroup section */
		67AD2D191E92481A00A9AE71 /* Main.storyboard */ = {
			isa = PBXVariantGroup;
			children = (
				67AD2D1A1E92481A00A9AE71 /* Base */,
			);
			name = Main.storyboard;
			sourceTree = "<group>";
		};
		67AD2D1E1E92481A00A9AE71 /* LaunchScreen.storyboard */ = {
			isa = PBXVariantGroup;
			children = (
				67AD2D1F1E92481A00A9AE71 /* Base */,
			);
			name = LaunchScreen.storyboard;
			sourceTree = "<group>";
		};
/* End PBXVariantGroup section */

/* Begin XCBuildConfiguration section */
		67AD2D221E92481A00A9AE71 /* Debug */ = {
			isa = XCBuildConfiguration;
			buildSettings = {
				ALWAYS_SEARCH_USER_PATHS = NO;
				CLANG_ANALYZER_NONNULL = YES;
				CLANG_CXX_LANGUAGE_STANDARD = "gnu++0x";
				CLANG_CXX_LIBRARY = "libc++";
				CLANG_ENABLE_MODULES = YES;
				CLANG_ENABLE_OBJC_ARC = YES;
				CLANG_WARN_BLOCK_CAPTURE_AUTORELEASING = YES;
				CLANG_WARN_BOOL_CONVERSION = YES;
				CLANG_WARN_COMMA = YES;
				CLANG_WARN_CONSTANT_CONVERSION = YES;
				CLANG_WARN_DEPRECATED_OBJC_IMPLEMENTATIONS = YES;
				CLANG_WARN_DIRECT_OBJC_ISA_USAGE = YES_ERROR;
				CLANG_WARN_DOCUMENTATION_COMMENTS = YES;
				CLANG_WARN_EMPTY_BODY = YES;
				CLANG_WARN_ENUM_CONVERSION = YES;
				CLANG_WARN_INFINITE_RECURSION = YES;
				CLANG_WARN_INT_CONVERSION = YES;
				CLANG_WARN_NON_LITERAL_NULL_CONVERSION = YES;
				CLANG_WARN_OBJC_IMPLICIT_RETAIN_SELF = YES;
				CLANG_WARN_OBJC_LITERAL_CONVERSION = YES;
				CLANG_WARN_OBJC_ROOT_CLASS = YES_ERROR;
				CLANG_WARN_RANGE_LOOP_ANALYSIS = YES;
				CLANG_WARN_STRICT_PROTOTYPES = YES;
				CLANG_WARN_SUSPICIOUS_MOVE = YES;
				CLANG_WARN_SUSPICIOUS_MOVES = YES;
				CLANG_WARN_UNREACHABLE_CODE = YES;
				CLANG_WARN__DUPLICATE_METHOD_MATCH = YES;
				"CODE_SIGN_IDENTITY[sdk=iphoneos*]" = "iPhone Developer";
				COPY_PHASE_STRIP = NO;
				DEBUG_INFORMATION_FORMAT = dwarf;
				ENABLE_STRICT_OBJC_MSGSEND = YES;
				ENABLE_TESTABILITY = YES;
				GCC_C_LANGUAGE_STANDARD = gnu99;
				GCC_DYNAMIC_NO_PIC = NO;
				GCC_NO_COMMON_BLOCKS = YES;
				GCC_OPTIMIZATION_LEVEL = 0;
				GCC_PREPROCESSOR_DEFINITIONS = (
					"DEBUG=1",
					"$(inherited)",
				);
				GCC_WARN_64_TO_32_BIT_CONVERSION = YES;
				GCC_WARN_ABOUT_RETURN_TYPE = YES_ERROR;
				GCC_WARN_UNDECLARED_SELECTOR = YES;
				GCC_WARN_UNINITIALIZED_AUTOS = YES_AGGRESSIVE;
				GCC_WARN_UNUSED_FUNCTION = YES;
				GCC_WARN_UNUSED_VARIABLE = YES;
				IPHONEOS_DEPLOYMENT_TARGET = 10.1;
				MTL_ENABLE_DEBUG_INFO = YES;
				ONLY_ACTIVE_ARCH = YES;
				SDKROOT = iphoneos;
				SWIFT_ACTIVE_COMPILATION_CONDITIONS = DEBUG;
				SWIFT_OPTIMIZATION_LEVEL = "-Onone";
			};
			name = Debug;
		};
		67AD2D231E92481A00A9AE71 /* Release */ = {
			isa = XCBuildConfiguration;
			buildSettings = {
				ALWAYS_SEARCH_USER_PATHS = NO;
				CLANG_ANALYZER_NONNULL = YES;
				CLANG_CXX_LANGUAGE_STANDARD = "gnu++0x";
				CLANG_CXX_LIBRARY = "libc++";
				CLANG_ENABLE_MODULES = YES;
				CLANG_ENABLE_OBJC_ARC = YES;
				CLANG_WARN_BLOCK_CAPTURE_AUTORELEASING = YES;
				CLANG_WARN_BOOL_CONVERSION = YES;
				CLANG_WARN_COMMA = YES;
				CLANG_WARN_CONSTANT_CONVERSION = YES;
				CLANG_WARN_DEPRECATED_OBJC_IMPLEMENTATIONS = YES;
				CLANG_WARN_DIRECT_OBJC_ISA_USAGE = YES_ERROR;
				CLANG_WARN_DOCUMENTATION_COMMENTS = YES;
				CLANG_WARN_EMPTY_BODY = YES;
				CLANG_WARN_ENUM_CONVERSION = YES;
				CLANG_WARN_INFINITE_RECURSION = YES;
				CLANG_WARN_INT_CONVERSION = YES;
				CLANG_WARN_NON_LITERAL_NULL_CONVERSION = YES;
				CLANG_WARN_OBJC_IMPLICIT_RETAIN_SELF = YES;
				CLANG_WARN_OBJC_LITERAL_CONVERSION = YES;
				CLANG_WARN_OBJC_ROOT_CLASS = YES_ERROR;
				CLANG_WARN_RANGE_LOOP_ANALYSIS = YES;
				CLANG_WARN_STRICT_PROTOTYPES = YES;
				CLANG_WARN_SUSPICIOUS_MOVE = YES;
				CLANG_WARN_SUSPICIOUS_MOVES = YES;
				CLANG_WARN_UNREACHABLE_CODE = YES;
				CLANG_WARN__DUPLICATE_METHOD_MATCH = YES;
				"CODE_SIGN_IDENTITY[sdk=iphoneos*]" = "iPhone Developer";
				COPY_PHASE_STRIP = NO;
				DEBUG_INFORMATION_FORMAT = "dwarf-with-dsym";
				ENABLE_NS_ASSERTIONS = NO;
				ENABLE_STRICT_OBJC_MSGSEND = YES;
				GCC_C_LANGUAGE_STANDARD = gnu99;
				GCC_NO_COMMON_BLOCKS = YES;
				GCC_WARN_64_TO_32_BIT_CONVERSION = YES;
				GCC_WARN_ABOUT_RETURN_TYPE = YES_ERROR;
				GCC_WARN_UNDECLARED_SELECTOR = YES;
				GCC_WARN_UNINITIALIZED_AUTOS = YES_AGGRESSIVE;
				GCC_WARN_UNUSED_FUNCTION = YES;
				GCC_WARN_UNUSED_VARIABLE = YES;
				IPHONEOS_DEPLOYMENT_TARGET = 10.1;
				MTL_ENABLE_DEBUG_INFO = NO;
				SDKROOT = iphoneos;
				SWIFT_OPTIMIZATION_LEVEL = "-Owholemodule";
				VALIDATE_PRODUCT = YES;
			};
			name = Release;
		};
		67AD2D251E92481A00A9AE71 /* Debug */ = {
			isa = XCBuildConfiguration;
			baseConfigurationReference = A47616A152E8BEE33CA2D08B /* Pods-amap3DSwift.debug.xcconfig */;
			buildSettings = {
				ASSETCATALOG_COMPILER_APPICON_NAME = AppIcon;
				CLANG_ENABLE_MODULES = YES;
				DEVELOPMENT_TEAM = ZXGCHY6G7F;
				INFOPLIST_FILE = amap3DSwift/Info.plist;
				LD_RUNPATH_SEARCH_PATHS = "$(inherited) @executable_path/Frameworks";
				PRODUCT_BUNDLE_IDENTIFIER = com.BrodyGao.amap3DSwift;
				PRODUCT_NAME = "$(TARGET_NAME)";
				SWIFT_OBJC_BRIDGING_HEADER = "amap3DSwift-Bridging-Header.h";
				SWIFT_OPTIMIZATION_LEVEL = "-Onone";
				SWIFT_VERSION = 4.2;
			};
			name = Debug;
		};
		67AD2D261E92481A00A9AE71 /* Release */ = {
			isa = XCBuildConfiguration;
			baseConfigurationReference = 29A0074387F66F02ABEDEDDD /* Pods-amap3DSwift.release.xcconfig */;
			buildSettings = {
				ASSETCATALOG_COMPILER_APPICON_NAME = AppIcon;
				CLANG_ENABLE_MODULES = YES;
				DEVELOPMENT_TEAM = ZXGCHY6G7F;
				INFOPLIST_FILE = amap3DSwift/Info.plist;
				LD_RUNPATH_SEARCH_PATHS = "$(inherited) @executable_path/Frameworks";
				PRODUCT_BUNDLE_IDENTIFIER = com.BrodyGao.amap3DSwift;
				PRODUCT_NAME = "$(TARGET_NAME)";
				SWIFT_OBJC_BRIDGING_HEADER = "amap3DSwift-Bridging-Header.h";
				SWIFT_VERSION = 4.2;
			};
			name = Release;
		};
/* End XCBuildConfiguration section */

/* Begin XCConfigurationList section */
		67AD2D0D1E92481A00A9AE71 /* Build configuration list for PBXProject "amap3DSwift" */ = {
			isa = XCConfigurationList;
			buildConfigurations = (
				67AD2D221E92481A00A9AE71 /* Debug */,
				67AD2D231E92481A00A9AE71 /* Release */,
			);
			defaultConfigurationIsVisible = 0;
			defaultConfigurationName = Release;
		};
		67AD2D241E92481A00A9AE71 /* Build configuration list for PBXNativeTarget "amap3DSwift" */ = {
			isa = XCConfigurationList;
			buildConfigurations = (
				67AD2D251E92481A00A9AE71 /* Debug */,
				67AD2D261E92481A00A9AE71 /* Release */,
			);
			defaultConfigurationIsVisible = 0;
			defaultConfigurationName = Release;
		};
/* End XCConfigurationList section */
	};
	rootObject = 67AD2D0A1E92481A00A9AE71 /* Project object */;
}
